{
  "name": "buttoneventdemo",
  "version": "0.0.0",
  "lockfileVersion": 1,
  "requires": true,
  "dependencies": {
    "@types/node": {
      "version": "12.11.7",
      "resolved": "https://registry.npm.taobao.org/@types/node/download/@types/node-12.11.7.tgz?cache=0&sync_timestamp=1571939318413&other_urls=https%3A%2F%2Fregistry.npm.taobao.org%2F%40types%2Fnode%2Fdownload%2F%40types%2Fnode-12.11.7.tgz",
      "integrity": "sha1-V2gql3Gj97CcJJfygSmgRilmUko=",
      "dev": true
    }
  }
}
